{
  "version": 4,
  "terraform_version": "1.3.5",
  "serial": 19,
  "lineage": "e8fbb1a0-236e-1749-21a0-9e165d49541f",
  "outputs": {
    "user_output": {
      "value": [
        {
          "role": "AmazonEC2FullAccess",
          "username": "raju"
        },
        {
          "role": "AmazonS3ReadOnlyAccess",
          "username": "sham"
        },
        {
          "role": "AmazonS3ReadOnlyAccess",
          "username": "baburao"
        },
        {
          "role": "AmazonEC2FullAccess",
          "username": "baburao"
        }
      ],
      "type": [
        "tuple",
        [
          [
            "object",
            {
              "role": "string",
              "username": "string"
            }
          ],
          [
            "object",
            {
              "role": "string",
              "username": "string"
            }
          ],
          [
            "object",
            {
              "role": "string",
              "username": "string"
            }
          ],
          [
            "object",
            {
              "role": "string",
              "username": "string"
            }
          ]
        ]
      ]
    }
  },
  "resources": [
    {
      "mode": "managed",
      "type": "aws_iam_user",
      "name": "main",
      "provider": "provider[\"registry.terraform.io/hashicorp/aws\"]",
      "instances": [
        {
          "index_key": "baburao",
          "schema_version": 0,
          "attributes": {
            "arn": "arn:aws:iam::664909028445:user/baburao",
            "force_destroy": false,
            "id": "baburao",
            "name": "baburao",
            "path": "/",
            "permissions_boundary": "",
            "tags": null,
            "tags_all": {},
            "unique_id": "AIDAZVT5KTROWQJJAAB3E"
          },
          "sensitive_attributes": [],
          "private": "bnVsbA=="
        },
        {
          "index_key": "raju",
          "schema_version": 0,
          "attributes": {
            "arn": "arn:aws:iam::664909028445:user/raju",
            "force_destroy": false,
            "id": "raju",
            "name": "raju",
            "path": "/",
            "permissions_boundary": "",
            "tags": null,
            "tags_all": {},
            "unique_id": "AIDAZVT5KTRO5WXPJ7X4Z"
          },
          "sensitive_attributes": [],
          "private": "bnVsbA=="
        },
        {
          "index_key": "sham",
          "schema_version": 0,
          "attributes": {
            "arn": "arn:aws:iam::664909028445:user/sham",
            "force_destroy": false,
            "id": "sham",
            "name": "sham",
            "path": "/",
            "permissions_boundary": "",
            "tags": null,
            "tags_all": {},
            "unique_id": "AIDAZVT5KTRO2WYPLZSF6"
          },
          "sensitive_attributes": [],
          "private": "bnVsbA=="
        }
      ]
    },
    {
      "mode": "managed",
      "type": "aws_iam_user_login_profile",
      "name": "examplemain",
      "provider": "provider[\"registry.terraform.io/hashicorp/aws\"]",
      "instances": [
        {
          "index_key": "baburao",
          "schema_version": 0,
          "attributes": {
            "encrypted_password": null,
            "id": "baburao",
            "key_fingerprint": null,
            "password": "@8!yX4Y\u0026voYY",
            "password_length": 12,
            "password_reset_required": null,
            "pgp_key": null,
            "user": "baburao"
          },
          "sensitive_attributes": [],
          "private": "bnVsbA==",
          "dependencies": [
            "aws_iam_user.main"
          ]
        },
        {
          "index_key": "raju",
          "schema_version": 0,
          "attributes": {
            "encrypted_password": null,
            "id": "raju",
            "key_fingerprint": null,
            "password": "bg1Jon5][kEk",
            "password_length": 12,
            "password_reset_required": null,
            "pgp_key": null,
            "user": "raju"
          },
          "sensitive_attributes": [],
          "private": "bnVsbA==",
          "dependencies": [
            "aws_iam_user.main"
          ]
        },
        {
          "index_key": "sham",
          "schema_version": 0,
          "attributes": {
            "encrypted_password": null,
            "id": "sham",
            "key_fingerprint": null,
            "password": "L_g21JUBPwPj",
            "password_length": 12,
            "password_reset_required": null,
            "pgp_key": null,
            "user": "sham"
          },
          "sensitive_attributes": [],
          "private": "bnVsbA==",
          "dependencies": [
            "aws_iam_user.main"
          ]
        }
      ]
    },
    {
      "mode": "managed",
      "type": "aws_iam_user_policy_attachment",
      "name": "test-attach",
      "provider": "provider[\"registry.terraform.io/hashicorp/aws\"]",
      "instances": [
        {
          "index_key": "baburao-AmazonEC2FullAccess",
          "schema_version": 0,
          "attributes": {
            "id": "baburao-20240831070646589100000003",
            "policy_arn": "arn:aws:iam::aws:policy/AmazonEC2FullAccess",
            "user": "baburao"
          },
          "sensitive_attributes": [],
          "private": "bnVsbA==",
          "dependencies": [
            "aws_iam_user.main"
          ]
        },
        {
          "index_key": "baburao-AmazonS3ReadOnlyAccess",
          "schema_version": 0,
          "attributes": {
            "id": "baburao-20240831070646859100000004",
            "policy_arn": "arn:aws:iam::aws:policy/AmazonS3ReadOnlyAccess",
            "user": "baburao"
          },
          "sensitive_attributes": [],
          "private": "bnVsbA==",
          "dependencies": [
            "aws_iam_user.main"
          ]
        },
        {
          "index_key": "raju-AmazonEC2FullAccess",
          "schema_version": 0,
          "attributes": {
            "id": "raju-20240831070646569200000001",
            "policy_arn": "arn:aws:iam::aws:policy/AmazonEC2FullAccess",
            "user": "raju"
          },
          "sensitive_attributes": [],
          "private": "bnVsbA==",
          "dependencies": [
            "aws_iam_user.main"
          ]
        },
        {
          "index_key": "sham-AmazonS3ReadOnlyAccess",
          "schema_version": 0,
          "attributes": {
            "id": "sham-20240831070646576500000002",
            "policy_arn": "arn:aws:iam::aws:policy/AmazonS3ReadOnlyAccess",
            "user": "sham"
          },
          "sensitive_attributes": [],
          "private": "bnVsbA==",
          "dependencies": [
            "aws_iam_user.main"
          ]
        }
      ]
    }
  ],
  "check_results": null
}
